
Microsoft Visual Studio Solution File, Format Version 12.00
# Visual Studio Version 16
VisualStudioVersion = 16.0.30907.101
MinimumVisualStudioVersion = 10.0.40219.1
Project("{FAE04EC0-301F-11D3-BF4B-00C04F79EFBC}") = "Worka.WebApp", "Worka.WebApp\Worka.WebApp.csproj", "{2E428707-4AD7-42A7-B07F-962B7FF5EFA8}"
EndProject
Project("{9A19103F-16F7-4668-BE54-9A1E7A4F7556}") = "Worka.Services", "Worka.Services\Worka.Services.csproj", "{9E7CE6A5-3595-4BB5-8B80-AFCCF23E429F}"
EndProject
Global
	GlobalSection(SolutionConfigurationPlatforms) = preSolution
		Debug|Any CPU = Debug|Any CPU
		Release|Any CPU = Release|Any CPU
	EndGlobalSection
	GlobalSection(ProjectConfigurationPlatforms) = postSolution
		{2E428707-4AD7-42A7-B07F-962B7FF5EFA8}.Debug|Any CPU.ActiveCfg = Debug|Any CPU
		{2E428707-4AD7-42A7-B07F-962B7FF5EFA8}.Debug|Any CPU.Build.0 = Debug|Any CPU
		{2E428707-4AD7-42A7-B07F-962B7FF5EFA8}.Release|Any CPU.ActiveCfg = Release|Any CPU
		{2E428707-4AD7-42A7-B07F-962B7FF5EFA8}.Release|Any CPU.Build.0 = Release|Any CPU
		{9E7CE6A5-3595-4BB5-8B80-AFCCF23E429F}.Debug|Any CPU.ActiveCfg = Debug|Any CPU
		{9E7CE6A5-3595-4BB5-8B80-AFCCF23E429F}.Debug|Any CPU.Build.0 = Debug|Any CPU
		{9E7CE6A5-3595-4BB5-8B80-AFCCF23E429F}.Release|Any CPU.ActiveCfg = Release|Any CPU
		{9E7CE6A5-3595-4BB5-8B80-AFCCF23E429F}.Release|Any CPU.Build.0 = Release|Any CPU
	EndGlobalSection
	GlobalSection(SolutionProperties) = preSolution
		HideSolutionNode = FALSE
	EndGlobalSection
	GlobalSection(ExtensibilityGlobals) = postSolution
		SolutionGuid = {86DADB92-AE37-43A4-B2B9-9C85D38D087C}
	EndGlobalSection
EndGlobal
